// !$*UTF8*$!
{
	archiveVersion = 1;
	classes = {
	};
	objectVersion = 48;
	objects = {

/* Begin PBXBuildFile section */
		BFD417AA1FE4B8D400479B30 /* AppDelegate.swift in Sources */ = {isa = PBXBuildFile; fileRef = BFD417A91FE4B8D400479B30 /* AppDelegate.swift */; };
		BFD417AC1FE4B8D400479B30 /* ViewController.swift in Sources */ = {isa = PBXBuildFile; fileRef = BFD417AB1FE4B8D400479B30 /* ViewController.swift */; };
		BFD417AF1FE4B8D400479B30 /* Main.storyboard in Resources */ = {isa = PBXBuildFile; fileRef = BFD417AD1FE4B8D400479B30 /* Main.storyboard */; };
		BFD417B11FE4B8D400479B30 /* Assets.xcassets in Resources */ = {isa = PBXBuildFile; fileRef = BFD417B01FE4B8D400479B30 /* Assets.xcassets */; };
		DCD85BDD27DABC64866D1992 /* Pods_WRCalendarFortvOS_Example.framework in Frameworks */ = {isa = PBXBuildFile; fileRef = D128342B1DE563394CC9CB19 /* Pods_WRCalendarFortvOS_Example.framework */; };
/* End PBXBuildFile section */

/* Begin PBXCopyFilesBuildPhase section */
		BFD418871FE5095C00479B30 /* Embed Frameworks */ = {
			isa = PBXCopyFilesBuildPhase;
			buildActionMask = 2147483647;
			dstPath = "";
			dstSubfolderSpec = 10;
			files = (
			);
			name = "Embed Frameworks";
			runOnlyForDeploymentPostprocessing = 0;
		};
/* End PBXCopyFilesBuildPhase section */

/* Begin PBXFileReference section */
		BFD417A61FE4B8D400479B30 /* WRCalendarFortvOS-Example.app */ = {isa = PBXFileReference; explicitFileType = wrapper.application; includeInIndex = 0; path = "WRCalendarFortvOS-Example.app"; sourceTree = BUILT_PRODUCTS_DIR; };
		BFD417A91FE4B8D400479B30 /* AppDelegate.swift */ = {isa = PBXFileReference; lastKnownFileType = sourcecode.swift; path = AppDelegate.swift; sourceTree = "<group>"; };
		BFD417AB1FE4B8D400479B30 /* ViewController.swift */ = {isa = PBXFileReference; lastKnownFileType = sourcecode.swift; path = ViewController.swift; sourceTree = "<group>"; };
		BFD417AE1FE4B8D400479B30 /* Base */ = {isa = PBXFileReference; lastKnownFileType = file.storyboard; name = Base; path = Base.lproj/Main.storyboard; sourceTree = "<group>"; };
		BFD417B01FE4B8D400479B30 /* Assets.xcassets */ = {isa = PBXFileReference; lastKnownFileType = folder.assetcatalog; path = Assets.xcassets; sourceTree = "<group>"; };
		BFD417B21FE4B8D400479B30 /* Info.plist */ = {isa = PBXFileReference; lastKnownFileType = text.plist.xml; path = Info.plist; sourceTree = "<group>"; };
		BFD4187D1FE5095C00479B30 /* WRcalendarFortvOS.h */ = {isa = PBXFileReference; lastKnownFileType = sourcecode.c.h; path = WRcalendarFortvOS.h; sourceTree = "<group>"; };
		BFD4187E1FE5095C00479B30 /* Info.plist */ = {isa = PBXFileReference; lastKnownFileType = text.plist.xml; path = Info.plist; sourceTree = "<group>"; };
		C8958E662461F955DE37582B /* Pods-WRCalendarFortvOS-Example.debug.xcconfig */ = {isa = PBXFileReference; includeInIndex = 1; lastKnownFileType = text.xcconfig; name = "Pods-WRCalendarFortvOS-Example.debug.xcconfig"; path = "Pods/Target Support Files/Pods-WRCalendarFortvOS-Example/Pods-WRCalendarFortvOS-Example.debug.xcconfig"; sourceTree = "<group>"; };
		D128342B1DE563394CC9CB19 /* Pods_WRCalendarFortvOS_Example.framework */ = {isa = PBXFileReference; explicitFileType = wrapper.framework; includeInIndex = 0; path = Pods_WRCalendarFortvOS_Example.framework; sourceTree = BUILT_PRODUCTS_DIR; };
		F458CD63E81E528AD6271412 /* Pods-WRCalendarFortvOS-Example.release.xcconfig */ = {isa = PBXFileReference; includeInIndex = 1; lastKnownFileType = text.xcconfig; name = "Pods-WRCalendarFortvOS-Example.release.xcconfig"; path = "Pods/Target Support Files/Pods-WRCalendarFortvOS-Example/Pods-WRCalendarFortvOS-Example.release.xcconfig"; sourceTree = "<group>"; };
/* End PBXFileReference section */

/* Begin PBXFrameworksBuildPhase section */
		BFD417A31FE4B8D400479B30 /* Frameworks */ = {
			isa = PBXFrameworksBuildPhase;
			buildActionMask = 2147483647;
			files = (
				DCD85BDD27DABC64866D1992 /* Pods_WRCalendarFortvOS_Example.framework in Frameworks */,
			);
			runOnlyForDeploymentPostprocessing = 0;
		};
/* End PBXFrameworksBuildPhase section */

/* Begin PBXGroup section */
		A850F08CB49E127704743EE9 /* Pods */ = {
			isa = PBXGroup;
			children = (
				C8958E662461F955DE37582B /* Pods-WRCalendarFortvOS-Example.debug.xcconfig */,
				F458CD63E81E528AD6271412 /* Pods-WRCalendarFortvOS-Example.release.xcconfig */,
			);
			name = Pods;
			sourceTree = "<group>";
		};
		BFD4179D1FE4B8D400479B30 = {
			isa = PBXGroup;
			children = (
				BFD417A81FE4B8D400479B30 /* WRCalendarFortvOS-Example */,
				BFD4187C1FE5095C00479B30 /* WRcalendarFortvOS */,
				BFD417A71FE4B8D400479B30 /* Products */,
				A850F08CB49E127704743EE9 /* Pods */,
				D85B60704A84CF89F07EB8BD /* Frameworks */,
			);
			sourceTree = "<group>";
		};
		BFD417A71FE4B8D400479B30 /* Products */ = {
			isa = PBXGroup;
			children = (
				BFD417A61FE4B8D400479B30 /* WRCalendarFortvOS-Example.app */,
			);
			name = Products;
			sourceTree = "<group>";
		};
		BFD417A81FE4B8D400479B30 /* WRCalendarFortvOS-Example */ = {
			isa = PBXGroup;
			children = (
				BFD417A91FE4B8D400479B30 /* AppDelegate.swift */,
				BFD417AB1FE4B8D400479B30 /* ViewController.swift */,
				BFD417AD1FE4B8D400479B30 /* Main.storyboard */,
				BFD417B01FE4B8D400479B30 /* Assets.xcassets */,
				BFD417B21FE4B8D400479B30 /* Info.plist */,
			);
			path = "WRCalendarFortvOS-Example";
			sourceTree = "<group>";
		};
		BFD4187C1FE5095C00479B30 /* WRcalendarFortvOS */ = {
			isa = PBXGroup;
			children = (
				BFD4187D1FE5095C00479B30 /* WRcalendarFortvOS.h */,
				BFD4187E1FE5095C00479B30 /* Info.plist */,
			);
			path = WRcalendarFortvOS;
			sourceTree = "<group>";
		};
		D85B60704A84CF89F07EB8BD /* Frameworks */ = {
			isa = PBXGroup;
			children = (
				D128342B1DE563394CC9CB19 /* Pods_WRCalendarFortvOS_Example.framework */,
			);
			name = Frameworks;
			sourceTree = "<group>";
		};
/* End PBXGroup section */

/* Begin PBXNativeTarget section */
		BFD417A51FE4B8D400479B30 /* WRCalendarFortvOS-Example */ = {
			isa = PBXNativeTarget;
			buildConfigurationList = BFD417B51FE4B8D400479B30 /* Build configuration list for PBXNativeTarget "WRCalendarFortvOS-Example" */;
			buildPhases = (
				C05573EC54989C305B715EC0 /* [CP] Check Pods Manifest.lock */,
				BFD417A21FE4B8D400479B30 /* Sources */,
				BFD417A31FE4B8D400479B30 /* Frameworks */,
				BFD417A41FE4B8D400479B30 /* Resources */,
				9F21E016C8A2E5E9C59C0827 /* [CP] Embed Pods Frameworks */,
				463001DFC7B43B0BD4567386 /* [CP] Copy Pods Resources */,
				BFD418871FE5095C00479B30 /* Embed Frameworks */,
			);
			buildRules = (
			);
			dependencies = (
			);
			name = "WRCalendarFortvOS-Example";
			productName = "WRCalendarFortvOS-Example";
			productReference = BFD417A61FE4B8D400479B30 /* WRCalendarFortvOS-Example.app */;
			productType = "com.apple.product-type.application";
		};
/* End PBXNativeTarget section */

/* Begin PBXProject section */
		BFD4179E1FE4B8D400479B30 /* Project object */ = {
			isa = PBXProject;
			attributes = {
				LastSwiftUpdateCheck = 0920;
				LastUpgradeCheck = 0920;
				ORGANIZATIONNAME = daichi;
				TargetAttributes = {
					BFD417A51FE4B8D400479B30 = {
						CreatedOnToolsVersion = 9.2;
						ProvisioningStyle = Automatic;
					};
				};
			};
			buildConfigurationList = BFD417A11FE4B8D400479B30 /* Build configuration list for PBXProject "WRCalendarFortvOS-Example" */;
			compatibilityVersion = "Xcode 8.0";
			developmentRegion = en;
			hasScannedForEncodings = 0;
			knownRegions = (
				en,
				Base,
			);
			mainGroup = BFD4179D1FE4B8D400479B30;
			productRefGroup = BFD417A71FE4B8D400479B30 /* Products */;
			projectDirPath = "";
			projectRoot = "";
			targets = (
				BFD417A51FE4B8D400479B30 /* WRCalendarFortvOS-Example */,
			);
		};
/* End PBXProject section */

/* Begin PBXResourcesBuildPhase section */
		BFD417A41FE4B8D400479B30 /* Resources */ = {
			isa = PBXResourcesBuildPhase;
			buildActionMask = 2147483647;
			files = (
				BFD417B11FE4B8D400479B30 /* Assets.xcassets in Resources */,
				BFD417AF1FE4B8D400479B30 /* Main.storyboard in Resources */,
			);
			runOnlyForDeploymentPostprocessing = 0;
		};
/* End PBXResourcesBuildPhase section */

/* Begin PBXShellScriptBuildPhase section */
		463001DFC7B43B0BD4567386 /* [CP] Copy Pods Resources */ = {
			isa = PBXShellScriptBuildPhase;
			buildActionMask = 2147483647;
			files = (
			);
			inputPaths = (
				"${SRCROOT}/Pods/Target Support Files/Pods-WRCalendarFortvOS-Example/Pods-WRCalendarFortvOS-Example-resources.sh",
				"$PODS_CONFIGURATION_BUILD_DIR/WRCalendarFortvOS/WRCalendarViewFortvOS.bundle",
			);
			name = "[CP] Copy Pods Resources";
			outputPaths = (
				"${TARGET_BUILD_DIR}/${UNLOCALIZED_RESOURCES_FOLDER_PATH}",
			);
			runOnlyForDeploymentPostprocessing = 0;
			shellPath = /bin/sh;
			shellScript = "\"${SRCROOT}/Pods/Target Support Files/Pods-WRCalendarFortvOS-Example/Pods-WRCalendarFortvOS-Example-resources.sh\"\n";
			showEnvVarsInLog = 0;
		};
		9F21E016C8A2E5E9C59C0827 /* [CP] Embed Pods Frameworks */ = {
			isa = PBXShellScriptBuildPhase;
			buildActionMask = 2147483647;
			files = (
			);
			inputPaths = (
				"${SRCROOT}/Pods/Target Support Files/Pods-WRCalendarFortvOS-Example/Pods-WRCalendarFortvOS-Example-frameworks.sh",
				"${BUILT_PRODUCTS_DIR}/DateToolsSwift/DateToolsSwift.framework",
			);
			name = "[CP] Embed Pods Frameworks";
			outputPaths = (
				"${TARGET_BUILD_DIR}/${FRAMEWORKS_FOLDER_PATH}/DateToolsSwift.framework",
			);
			runOnlyForDeploymentPostprocessing = 0;
			shellPath = /bin/sh;
			shellScript = "\"${SRCROOT}/Pods/Target Support Files/Pods-WRCalendarFortvOS-Example/Pods-WRCalendarFortvOS-Example-frameworks.sh\"\n";
			showEnvVarsInLog = 0;
		};
		C05573EC54989C305B715EC0 /* [CP] Check Pods Manifest.lock */ = {
			isa = PBXShellScriptBuildPhase;
			buildActionMask = 2147483647;
			files = (
			);
			inputPaths = (
				"${PODS_PODFILE_DIR_PATH}/Podfile.lock",
				"${PODS_ROOT}/Manifest.lock",
			);
			name = "[CP] Check Pods Manifest.lock";
			outputPaths = (
				"$(DERIVED_FILE_DIR)/Pods-WRCalendarFortvOS-Example-checkManifestLockResult.txt",
			);
			runOnlyForDeploymentPostprocessing = 0;
			shellPath = /bin/sh;
			shellScript = "diff \"${PODS_PODFILE_DIR_PATH}/Podfile.lock\" \"${PODS_ROOT}/Manifest.lock\" > /dev/null\nif [ $? != 0 ] ; then\n    # print error to STDERR\n    echo \"error: The sandbox is not in sync with the Podfile.lock. Run 'pod install' or update your CocoaPods installation.\" >&2\n    exit 1\nfi\n# This output is used by Xcode 'outputs' to avoid re-running this script phase.\necho \"SUCCESS\" > \"${SCRIPT_OUTPUT_FILE_0}\"\n";
			showEnvVarsInLog = 0;
		};
/* End PBXShellScriptBuildPhase section */

/* Begin PBXSourcesBuildPhase section */
		BFD417A21FE4B8D400479B30 /* Sources */ = {
			isa = PBXSourcesBuildPhase;
			buildActionMask = 2147483647;
			files = (
				BFD417AC1FE4B8D400479B30 /* ViewController.swift in Sources */,
				BFD417AA1FE4B8D400479B30 /* AppDelegate.swift in Sources */,
			);
			runOnlyForDeploymentPostprocessing = 0;
		};
/* End PBXSourcesBuildPhase section */

/* Begin PBXVariantGroup section */
		BFD417AD1FE4B8D400479B30 /* Main.storyboard */ = {
			isa = PBXVariantGroup;
			children = (
				BFD417AE1FE4B8D400479B30 /* Base */,
			);
			name = Main.storyboard;
			sourceTree = "<group>";
		};
/* End PBXVariantGroup section */

/* Begin XCBuildConfiguration section */
		BFD417B31FE4B8D400479B30 /* Debug */ = {
			isa = XCBuildConfiguration;
			buildSettings = {
				ALWAYS_SEARCH_USER_PATHS = NO;
				CLANG_ANALYZER_NONNULL = YES;
				CLANG_ANALYZER_NUMBER_OBJECT_CONVERSION = YES_AGGRESSIVE;
				CLANG_CXX_LANGUAGE_STANDARD = "gnu++14";
				CLANG_CXX_LIBRARY = "libc++";
				CLANG_ENABLE_MODULES = YES;
				CLANG_ENABLE_OBJC_ARC = YES;
				CLANG_WARN_BLOCK_CAPTURE_AUTORELEASING = YES;
				CLANG_WARN_BOOL_CONVERSION = YES;
				CLANG_WARN_COMMA = YES;
				CLANG_WARN_CONSTANT_CONVERSION = YES;
				CLANG_WARN_DIRECT_OBJC_ISA_USAGE = YES_ERROR;
				CLANG_WARN_DOCUMENTATION_COMMENTS = YES;
				CLANG_WARN_EMPTY_BODY = YES;
				CLANG_WARN_ENUM_CONVERSION = YES;
				CLANG_WARN_INFINITE_RECURSION = YES;
				CLANG_WARN_INT_CONVERSION = YES;
				CLANG_WARN_NON_LITERAL_NULL_CONVERSION = YES;
				CLANG_WARN_OBJC_LITERAL_CONVERSION = YES;
				CLANG_WARN_OBJC_ROOT_CLASS = YES_ERROR;
				CLANG_WARN_RANGE_LOOP_ANALYSIS = YES;
				CLANG_WARN_STRICT_PROTOTYPES = YES;
				CLANG_WARN_SUSPICIOUS_MOVE = YES;
				CLANG_WARN_UNGUARDED_AVAILABILITY = YES_AGGRESSIVE;
				CLANG_WARN_UNREACHABLE_CODE = YES;
				CLANG_WARN__DUPLICATE_METHOD_MATCH = YES;
				COPY_PHASE_STRIP = NO;
				DEBUG_INFORMATION_FORMAT = dwarf;
				ENABLE_STRICT_OBJC_MSGSEND = YES;
				ENABLE_TESTABILITY = YES;
				GCC_C_LANGUAGE_STANDARD = gnu11;
				GCC_DYNAMIC_NO_PIC = NO;
				GCC_NO_COMMON_BLOCKS = YES;
				GCC_OPTIMIZATION_LEVEL = 0;
				GCC_PREPROCESSOR_DEFINITIONS = (
					"DEBUG=1",
					"$(inherited)",
				);
				GCC_WARN_64_TO_32_BIT_CONVERSION = YES;
				GCC_WARN_ABOUT_RETURN_TYPE = YES_ERROR;
				GCC_WARN_UNDECLARED_SELECTOR = YES;
				GCC_WARN_UNINITIALIZED_AUTOS = YES_AGGRESSIVE;
				GCC_WARN_UNUSED_FUNCTION = YES;
				GCC_WARN_UNUSED_VARIABLE = YES;
				MTL_ENABLE_DEBUG_INFO = YES;
				ONLY_ACTIVE_ARCH = YES;
				SDKROOT = appletvos;
				SWIFT_ACTIVE_COMPILATION_CONDITIONS = DEBUG;
				SWIFT_OPTIMIZATION_LEVEL = "-Onone";
				TVOS_DEPLOYMENT_TARGET = 11.2;
			};
			name = Debug;
		};
		BFD417B41FE4B8D400479B30 /* Release */ = {
			isa = XCBuildConfiguration;
			buildSettings = {
				ALWAYS_SEARCH_USER_PATHS = NO;
				CLANG_ANALYZER_NONNULL = YES;
				CLANG_ANALYZER_NUMBER_OBJECT_CONVERSION = YES_AGGRESSIVE;
				CLANG_CXX_LANGUAGE_STANDARD = "gnu++14";
				CLANG_CXX_LIBRARY = "libc++";
				CLANG_ENABLE_MODULES = YES;
				CLANG_ENABLE_OBJC_ARC = YES;
				CLANG_WARN_BLOCK_CAPTURE_AUTORELEASING = YES;
				CLANG_WARN_BOOL_CONVERSION = YES;
				CLANG_WARN_COMMA = YES;
				CLANG_WARN_CONSTANT_CONVERSION = YES;
				CLANG_WARN_DIRECT_OBJC_ISA_USAGE = YES_ERROR;
				CLANG_WARN_DOCUMENTATION_COMMENTS = YES;
				CLANG_WARN_EMPTY_BODY = YES;
				CLANG_WARN_ENUM_CONVERSION = YES;
				CLANG_WARN_INFINITE_RECURSION = YES;
				CLANG_WARN_INT_CONVERSION = YES;
				CLANG_WARN_NON_LITERAL_NULL_CONVERSION = YES;
				CLANG_WARN_OBJC_LITERAL_CONVERSION = YES;
				CLANG_WARN_OBJC_ROOT_CLASS = YES_ERROR;
				CLANG_WARN_RANGE_LOOP_ANALYSIS = YES;
				CLANG_WARN_STRICT_PROTOTYPES = YES;
				CLANG_WARN_SUSPICIOUS_MOVE = YES;
				CLANG_WARN_UNGUARDED_AVAILABILITY = YES_AGGRESSIVE;
				CLANG_WARN_UNREACHABLE_CODE = YES;
				CLANG_WARN__DUPLICATE_METHOD_MATCH = YES;
				COPY_PHASE_STRIP = NO;
				DEBUG_INFORMATION_FORMAT = "dwarf-with-dsym";
				ENABLE_NS_ASSERTIONS = NO;
				ENABLE_STRICT_OBJC_MSGSEND = YES;
				GCC_C_LANGUAGE_STANDARD = gnu11;
				GCC_NO_COMMON_BLOCKS = YES;
				GCC_WARN_64_TO_32_BIT_CONVERSION = YES;
				GCC_WARN_ABOUT_RETURN_TYPE = YES_ERROR;
				GCC_WARN_UNDECLARED_SELECTOR = YES;
				GCC_WARN_UNINITIALIZED_AUTOS = YES_AGGRESSIVE;
				GCC_WARN_UNUSED_FUNCTION = YES;
				GCC_WARN_UNUSED_VARIABLE = YES;
				MTL_ENABLE_DEBUG_INFO = NO;
				SDKROOT = appletvos;
				SWIFT_OPTIMIZATION_LEVEL = "-Owholemodule";
				TVOS_DEPLOYMENT_TARGET = 11.2;
				VALIDATE_PRODUCT = YES;
			};
			name = Release;
		};
		BFD417B61FE4B8D400479B30 /* Debug */ = {
			isa = XCBuildConfiguration;
			baseConfigurationReference = C8958E662461F955DE37582B /* Pods-WRCalendarFortvOS-Example.debug.xcconfig */;
			buildSettings = {
				ASSETCATALOG_COMPILER_APPICON_NAME = "App Icon & Top Shelf Image";
				ASSETCATALOG_COMPILER_LAUNCHIMAGE_NAME = LaunchImage;
				CODE_SIGN_STYLE = Automatic;
				DEVELOPMENT_TEAM = GUK2A2565Q;
				INFOPLIST_FILE = "WRCalendarFortvOS-Example/Info.plist";
				LD_RUNPATH_SEARCH_PATHS = "$(inherited) @executable_path/Frameworks";
				PRODUCT_BUNDLE_IDENTIFIER = "com.daichi.WRCalendarFortvOS-Example";
				PRODUCT_NAME = "$(TARGET_NAME)";
				SWIFT_VERSION = 4.0;
				TARGETED_DEVICE_FAMILY = 3;
			};
			name = Debug;
		};
		BFD417B71FE4B8D400479B30 /* Release */ = {
			isa = XCBuildConfiguration;
			baseConfigurationReference = F458CD63E81E528AD6271412 /* Pods-WRCalendarFortvOS-Example.release.xcconfig */;
			buildSettings = {
				ASSETCATALOG_COMPILER_APPICON_NAME = "App Icon & Top Shelf Image";
				ASSETCATALOG_COMPILER_LAUNCHIMAGE_NAME = LaunchImage;
				CODE_SIGN_STYLE = Automatic;
				DEVELOPMENT_TEAM = GUK2A2565Q;
				INFOPLIST_FILE = "WRCalendarFortvOS-Example/Info.plist";
				LD_RUNPATH_SEARCH_PATHS = "$(inherited) @executable_path/Frameworks";
				PRODUCT_BUNDLE_IDENTIFIER = "com.daichi.WRCalendarFortvOS-Example";
				PRODUCT_NAME = "$(TARGET_NAME)";
				SWIFT_VERSION = 4.0;
				TARGETED_DEVICE_FAMILY = 3;
			};
			name = Release;
		};
/* End XCBuildConfiguration section */

/* Begin XCConfigurationList section */
		BFD417A11FE4B8D400479B30 /* Build configuration list for PBXProject "WRCalendarFortvOS-Example" */ = {
			isa = XCConfigurationList;
			buildConfigurations = (
				BFD417B31FE4B8D400479B30 /* Debug */,
				BFD417B41FE4B8D400479B30 /* Release */,
			);
			defaultConfigurationIsVisible = 0;
			defaultConfigurationName = Release;
		};
		BFD417B51FE4B8D400479B30 /* Build configuration list for PBXNativeTarget "WRCalendarFortvOS-Example" */ = {
			isa = XCConfigurationList;
			buildConfigurations = (
				BFD417B61FE4B8D400479B30 /* Debug */,
				BFD417B71FE4B8D400479B30 /* Release */,
			);
			defaultConfigurationIsVisible = 0;
			defaultConfigurationName = Release;
		};
/* End XCConfigurationList section */
	};
	rootObject = BFD4179E1FE4B8D400479B30 /* Project object */;
}
